
Microsoft Visual Studio Solution File, Format Version 12.00
# Visual Studio Version 16
VisualStudioVersion = 16.0.30011.22
MinimumVisualStudioVersion = 10.0.40219.1
Project("{FAE04EC0-301F-11D3-BF4B-00C04F79EFBC}") = "Sets", "Sets.csproj", "{F62BA86A-4524-4F7E-87BF-1561CD4BDAF0}"
EndProject
Global
	GlobalSection(SolutionConfigurationPlatforms) = preSolution
		Debug|Any CPU = Debug|Any CPU
		Release|Any CPU = Release|Any CPU
	EndGlobalSection
	GlobalSection(ProjectConfigurationPlatforms) = postSolution
		{F62BA86A-4524-4F7E-87BF-1561CD4BDAF0}.Debug|Any CPU.ActiveCfg = Debug|Any CPU
		{F62BA86A-4524-4F7E-87BF-1561CD4BDAF0}.Debug|Any CPU.Build.0 = Debug|Any CPU
		{F62BA86A-4524-4F7E-87BF-1561CD4BDAF0}.Release|Any CPU.ActiveCfg = Release|Any CPU
		{F62BA86A-4524-4F7E-87BF-1561CD4BDAF0}.Release|Any CPU.Build.0 = Release|Any CPU
	EndGlobalSection
	GlobalSection(SolutionProperties) = preSolution
		HideSolutionNode = FALSE
	EndGlobalSection
	GlobalSection(ExtensibilityGlobals) = postSolution
		SolutionGuid = {F7581BBA-4AC8-47A7-99E0-1FFF449666C4}
	EndGlobalSection
EndGlobal
